{
  "name": "ngx-blockly",
  "version": "10.1.3",
  "lockfileVersion": 1,
  "requires": true,
  "dependencies": {
    "angular2-uuid": {
      "version": "1.1.1",
      "resolved": "https://pkgs.dev.azure.com/EJOT-Dev/_packaging/ejot-packages/npm/registry/angular2-uuid/-/angular2-uuid-1.1.1.tgz",
      "integrity": "sha1-cvA81TK39AAy6x7PufhFc4S+lW4="
    },
    "tslib": {
      "version": "2.2.0",
      "resolved": "https://pkgs.dev.azure.com/EJOT-Dev/_packaging/ejot-packages/npm/registry/tslib/-/tslib-2.2.0.tgz",
      "integrity": "sha1-+yxHWXfjXiQTEe3iaTzuHsZpj1w="
    }
  }
}
